
Microsoft Visual Studio Solution File, Format Version 12.00
# Visual Studio Version 16
VisualStudioVersion = 16.0.31025.194
MinimumVisualStudioVersion = 10.0.40219.1
Project("{9A19103F-16F7-4668-BE54-9A1E7A4F7556}") = "Kadmium-Udp", "Kadmium-Udp\Kadmium-Udp.csproj", "{3F044FD5-D2F9-46F2-920D-EEC2966F32CA}"
EndProject
Project("{FAE04EC0-301F-11D3-BF4B-00C04F79EFBC}") = "Kadmium-Udp.Test", "Kadmium-Udp.Test\Kadmium-Udp.Test.csproj", "{7285DFA1-151E-4655-BD1B-9442C2EC0F73}"
EndProject
Global
	GlobalSection(SolutionConfigurationPlatforms) = preSolution
		Debug|Any CPU = Debug|Any CPU
		Release|Any CPU = Release|Any CPU
	EndGlobalSection
	GlobalSection(ProjectConfigurationPlatforms) = postSolution
		{3F044FD5-D2F9-46F2-920D-EEC2966F32CA}.Debug|Any CPU.ActiveCfg = Debug|Any CPU
		{3F044FD5-D2F9-46F2-920D-EEC2966F32CA}.Debug|Any CPU.Build.0 = Debug|Any CPU
		{3F044FD5-D2F9-46F2-920D-EEC2966F32CA}.Release|Any CPU.ActiveCfg = Release|Any CPU
		{3F044FD5-D2F9-46F2-920D-EEC2966F32CA}.Release|Any CPU.Build.0 = Release|Any CPU
		{7285DFA1-151E-4655-BD1B-9442C2EC0F73}.Debug|Any CPU.ActiveCfg = Debug|Any CPU
		{7285DFA1-151E-4655-BD1B-9442C2EC0F73}.Debug|Any CPU.Build.0 = Debug|Any CPU
		{7285DFA1-151E-4655-BD1B-9442C2EC0F73}.Release|Any CPU.ActiveCfg = Release|Any CPU
		{7285DFA1-151E-4655-BD1B-9442C2EC0F73}.Release|Any CPU.Build.0 = Release|Any CPU
	EndGlobalSection
	GlobalSection(SolutionProperties) = preSolution
		HideSolutionNode = FALSE
	EndGlobalSection
	GlobalSection(ExtensibilityGlobals) = postSolution
		SolutionGuid = {0ED51AEB-E415-4ED6-A329-B50B86E25DDC}
	EndGlobalSection
EndGlobal
